// !$*UTF8*$!
{
	archiveVersion = 1;
	classes = {
	};
	objectVersion = 55;
	objects = {

/* Begin PBXBuildFile section */
		6302131D29609C620065DBDD /* SimpleAlerts.swift in Sources */ = {isa = PBXBuildFile; fileRef = 6302131C29609C620065DBDD /* SimpleAlerts.swift */; };
		6302131F2960A4850065DBDD /* InputAlerts.swift in Sources */ = {isa = PBXBuildFile; fileRef = 6302131E2960A4850065DBDD /* InputAlerts.swift */; };
		630213212960A4EE0065DBDD /* MultiButtonAlerts.swift in Sources */ = {isa = PBXBuildFile; fileRef = 630213202960A4EE0065DBDD /* MultiButtonAlerts.swift */; };
		630213232960A55B0065DBDD /* OtherAlerts.swift in Sources */ = {isa = PBXBuildFile; fileRef = 630213222960A55B0065DBDD /* OtherAlerts.swift */; };
		6346D7772ADF27D5008222CE /* CustomAlerts.swift in Sources */ = {isa = PBXBuildFile; fileRef = 6346D7762ADF27D5008222CE /* CustomAlerts.swift */; };
		6364916428AFEAFB00FA518B /* DemoApp.swift in Sources */ = {isa = PBXBuildFile; fileRef = 6364916328AFEAFB00FA518B /* DemoApp.swift */; };
		6364916628AFEAFB00FA518B /* ContentView.swift in Sources */ = {isa = PBXBuildFile; fileRef = 6364916528AFEAFB00FA518B /* ContentView.swift */; };
		6364916828AFEAFC00FA518B /* Assets.xcassets in Resources */ = {isa = PBXBuildFile; fileRef = 6364916728AFEAFC00FA518B /* Assets.xcassets */; };
		6364916B28AFEAFC00FA518B /* Preview Assets.xcassets in Resources */ = {isa = PBXBuildFile; fileRef = 6364916A28AFEAFC00FA518B /* Preview Assets.xcassets */; };
		6364917528AFEB6D00FA518B /* CustomAlert in Frameworks */ = {isa = PBXBuildFile; productRef = 6364917428AFEB6D00FA518B /* CustomAlert */; };
/* End PBXBuildFile section */

/* Begin PBXFileReference section */
		6302131C29609C620065DBDD /* SimpleAlerts.swift */ = {isa = PBXFileReference; lastKnownFileType = sourcecode.swift; path = SimpleAlerts.swift; sourceTree = "<group>"; };
		6302131E2960A4850065DBDD /* InputAlerts.swift */ = {isa = PBXFileReference; lastKnownFileType = sourcecode.swift; path = InputAlerts.swift; sourceTree = "<group>"; };
		630213202960A4EE0065DBDD /* MultiButtonAlerts.swift */ = {isa = PBXFileReference; lastKnownFileType = sourcecode.swift; path = MultiButtonAlerts.swift; sourceTree = "<group>"; };
		630213222960A55B0065DBDD /* OtherAlerts.swift */ = {isa = PBXFileReference; lastKnownFileType = sourcecode.swift; path = OtherAlerts.swift; sourceTree = "<group>"; };
		6346D7762ADF27D5008222CE /* CustomAlerts.swift */ = {isa = PBXFileReference; lastKnownFileType = sourcecode.swift; path = CustomAlerts.swift; sourceTree = "<group>"; };
		6364916028AFEAFB00FA518B /* Demo.app */ = {isa = PBXFileReference; explicitFileType = wrapper.application; includeInIndex = 0; path = Demo.app; sourceTree = BUILT_PRODUCTS_DIR; };
		6364916328AFEAFB00FA518B /* DemoApp.swift */ = {isa = PBXFileReference; lastKnownFileType = sourcecode.swift; path = DemoApp.swift; sourceTree = "<group>"; };
		6364916528AFEAFB00FA518B /* ContentView.swift */ = {isa = PBXFileReference; lastKnownFileType = sourcecode.swift; path = ContentView.swift; sourceTree = "<group>"; };
		6364916728AFEAFC00FA518B /* Assets.xcassets */ = {isa = PBXFileReference; lastKnownFileType = folder.assetcatalog; path = Assets.xcassets; sourceTree = "<group>"; };
		6364916A28AFEAFC00FA518B /* Preview Assets.xcassets */ = {isa = PBXFileReference; lastKnownFileType = folder.assetcatalog; path = "Preview Assets.xcassets"; sourceTree = "<group>"; };
		6364917228AFEB0700FA518B /* CustomAlert */ = {isa = PBXFileReference; lastKnownFileType = wrapper; name = CustomAlert; path = ..; sourceTree = "<group>"; };
/* End PBXFileReference section */

/* Begin PBXFrameworksBuildPhase section */
		6364915D28AFEAFB00FA518B /* Frameworks */ = {
			isa = PBXFrameworksBuildPhase;
			buildActionMask = 2147483647;
			files = (
				6364917528AFEB6D00FA518B /* CustomAlert in Frameworks */,
			);
			runOnlyForDeploymentPostprocessing = 0;
		};
/* End PBXFrameworksBuildPhase section */

/* Begin PBXGroup section */
		6364915728AFEAFB00FA518B = {
			isa = PBXGroup;
			children = (
				6364916228AFEAFB00FA518B /* Demo */,
				6364917128AFEB0700FA518B /* Packages */,
				6364916128AFEAFB00FA518B /* Products */,
				6364917328AFEB6D00FA518B /* Frameworks */,
			);
			sourceTree = "<group>";
		};
		6364916128AFEAFB00FA518B /* Products */ = {
			isa = PBXGroup;
			children = (
				6364916028AFEAFB00FA518B /* Demo.app */,
			);
			name = Products;
			sourceTree = "<group>";
		};
		6364916228AFEAFB00FA518B /* Demo */ = {
			isa = PBXGroup;
			children = (
				6364916328AFEAFB00FA518B /* DemoApp.swift */,
				6364916528AFEAFB00FA518B /* ContentView.swift */,
				6302131C29609C620065DBDD /* SimpleAlerts.swift */,
				6302131E2960A4850065DBDD /* InputAlerts.swift */,
				630213202960A4EE0065DBDD /* MultiButtonAlerts.swift */,
				6346D7762ADF27D5008222CE /* CustomAlerts.swift */,
				630213222960A55B0065DBDD /* OtherAlerts.swift */,
				6364916728AFEAFC00FA518B /* Assets.xcassets */,
				6364916928AFEAFC00FA518B /* Preview Content */,
			);
			path = Demo;
			sourceTree = "<group>";
		};
		6364916928AFEAFC00FA518B /* Preview Content */ = {
			isa = PBXGroup;
			children = (
				6364916A28AFEAFC00FA518B /* Preview Assets.xcassets */,
			);
			path = "Preview Content";
			sourceTree = "<group>";
		};
		6364917128AFEB0700FA518B /* Packages */ = {
			isa = PBXGroup;
			children = (
				6364917228AFEB0700FA518B /* CustomAlert */,
			);
			name = Packages;
			sourceTree = "<group>";
		};
		6364917328AFEB6D00FA518B /* Frameworks */ = {
			isa = PBXGroup;
			children = (
			);
			name = Frameworks;
			sourceTree = "<group>";
		};
/* End PBXGroup section */

/* Begin PBXNativeTarget section */
		6364915F28AFEAFB00FA518B /* Demo */ = {
			isa = PBXNativeTarget;
			buildConfigurationList = 6364916E28AFEAFC00FA518B /* Build configuration list for PBXNativeTarget "Demo" */;
			buildPhases = (
				6364915C28AFEAFB00FA518B /* Sources */,
				6364915D28AFEAFB00FA518B /* Frameworks */,
				6364915E28AFEAFB00FA518B /* Resources */,
			);
			buildRules = (
			);
			dependencies = (
			);
			name = Demo;
			packageProductDependencies = (
				6364917428AFEB6D00FA518B /* CustomAlert */,
			);
			productName = Demo;
			productReference = 6364916028AFEAFB00FA518B /* Demo.app */;
			productType = "com.apple.product-type.application";
		};
/* End PBXNativeTarget section */

/* Begin PBXProject section */
		6364915828AFEAFB00FA518B /* Project object */ = {
			isa = PBXProject;
			attributes = {
				BuildIndependentTargetsInParallel = 1;
				LastSwiftUpdateCheck = 1340;
				LastUpgradeCheck = 1530;
				TargetAttributes = {
					6364915F28AFEAFB00FA518B = {
						CreatedOnToolsVersion = 13.4.1;
					};
				};
			};
			buildConfigurationList = 6364915B28AFEAFB00FA518B /* Build configuration list for PBXProject "Demo" */;
			compatibilityVersion = "Xcode 13.0";
			developmentRegion = en;
			hasScannedForEncodings = 0;
			knownRegions = (
				en,
				Base,
			);
			mainGroup = 6364915728AFEAFB00FA518B;
			productRefGroup = 6364916128AFEAFB00FA518B /* Products */;
			projectDirPath = "";
			projectRoot = "";
			targets = (
				6364915F28AFEAFB00FA518B /* Demo */,
			);
		};
/* End PBXProject section */

/* Begin PBXResourcesBuildPhase section */
		6364915E28AFEAFB00FA518B /* Resources */ = {
			isa = PBXResourcesBuildPhase;
			buildActionMask = 2147483647;
			files = (
				6364916B28AFEAFC00FA518B /* Preview Assets.xcassets in Resources */,
				6364916828AFEAFC00FA518B /* Assets.xcassets in Resources */,
			);
			runOnlyForDeploymentPostprocessing = 0;
		};
/* End PBXResourcesBuildPhase section */

/* Begin PBXSourcesBuildPhase section */
		6364915C28AFEAFB00FA518B /* Sources */ = {
			isa = PBXSourcesBuildPhase;
			buildActionMask = 2147483647;
			files = (
				6364916628AFEAFB00FA518B /* ContentView.swift in Sources */,
				6302131D29609C620065DBDD /* SimpleAlerts.swift in Sources */,
				6346D7772ADF27D5008222CE /* CustomAlerts.swift in Sources */,
				6364916428AFEAFB00FA518B /* DemoApp.swift in Sources */,
				630213232960A55B0065DBDD /* OtherAlerts.swift in Sources */,
				6302131F2960A4850065DBDD /* InputAlerts.swift in Sources */,
				630213212960A4EE0065DBDD /* MultiButtonAlerts.swift in Sources */,
			);
			runOnlyForDeploymentPostprocessing = 0;
		};
/* End PBXSourcesBuildPhase section */

/* Begin XCBuildConfiguration section */
		6364916C28AFEAFC00FA518B /* Debug */ = {
			isa = XCBuildConfiguration;
			buildSettings = {
				ALWAYS_SEARCH_USER_PATHS = NO;
				CLANG_ANALYZER_NONNULL = YES;
				CLANG_ANALYZER_NUMBER_OBJECT_CONVERSION = YES_AGGRESSIVE;
				CLANG_CXX_LANGUAGE_STANDARD = "gnu++17";
				CLANG_ENABLE_MODULES = YES;
				CLANG_ENABLE_OBJC_ARC = YES;
				CLANG_ENABLE_OBJC_WEAK = YES;
				CLANG_WARN_BLOCK_CAPTURE_AUTORELEASING = YES;
				CLANG_WARN_BOOL_CONVERSION = YES;
				CLANG_WARN_COMMA = YES;
				CLANG_WARN_CONSTANT_CONVERSION = YES;
				CLANG_WARN_DEPRECATED_OBJC_IMPLEMENTATIONS = YES;
				CLANG_WARN_DIRECT_OBJC_ISA_USAGE = YES_ERROR;
				CLANG_WARN_DOCUMENTATION_COMMENTS = YES;
				CLANG_WARN_EMPTY_BODY = YES;
				CLANG_WARN_ENUM_CONVERSION = YES;
				CLANG_WARN_INFINITE_RECURSION = YES;
				CLANG_WARN_INT_CONVERSION = YES;
				CLANG_WARN_NON_LITERAL_NULL_CONVERSION = YES;
				CLANG_WARN_OBJC_IMPLICIT_RETAIN_SELF = YES;
				CLANG_WARN_OBJC_LITERAL_CONVERSION = YES;
				CLANG_WARN_OBJC_ROOT_CLASS = YES_ERROR;
				CLANG_WARN_QUOTED_INCLUDE_IN_FRAMEWORK_HEADER = YES;
				CLANG_WARN_RANGE_LOOP_ANALYSIS = YES;
				CLANG_WARN_STRICT_PROTOTYPES = YES;
				CLANG_WARN_SUSPICIOUS_MOVE = YES;
				CLANG_WARN_UNGUARDED_AVAILABILITY = YES_AGGRESSIVE;
				CLANG_WARN_UNREACHABLE_CODE = YES;
				CLANG_WARN__DUPLICATE_METHOD_MATCH = YES;
				COPY_PHASE_STRIP = NO;
				DEBUG_INFORMATION_FORMAT = dwarf;
				ENABLE_STRICT_OBJC_MSGSEND = YES;
				ENABLE_TESTABILITY = YES;
				ENABLE_USER_SCRIPT_SANDBOXING = YES;
				GCC_C_LANGUAGE_STANDARD = gnu11;
				GCC_DYNAMIC_NO_PIC = NO;
				GCC_NO_COMMON_BLOCKS = YES;
				GCC_OPTIMIZATION_LEVEL = 0;
				GCC_PREPROCESSOR_DEFINITIONS = (
					"DEBUG=1",
					"$(inherited)",
				);
				GCC_WARN_64_TO_32_BIT_CONVERSION = YES;
				GCC_WARN_ABOUT_RETURN_TYPE = YES_ERROR;
				GCC_WARN_UNDECLARED_SELECTOR = YES;
				GCC_WARN_UNINITIALIZED_AUTOS = YES_AGGRESSIVE;
				GCC_WARN_UNUSED_FUNCTION = YES;
				GCC_WARN_UNUSED_VARIABLE = YES;
				IPHONEOS_DEPLOYMENT_TARGET = 15.5;
				MTL_ENABLE_DEBUG_INFO = INCLUDE_SOURCE;
				MTL_FAST_MATH = YES;
				ONLY_ACTIVE_ARCH = YES;
				SDKROOT = iphoneos;
				SWIFT_ACTIVE_COMPILATION_CONDITIONS = DEBUG;
				SWIFT_OPTIMIZATION_LEVEL = "-Onone";
			};
			name = Debug;
		};
		6364916D28AFEAFC00FA518B /* Release */ = {
			isa = XCBuildConfiguration;
			buildSettings = {
				ALWAYS_SEARCH_USER_PATHS = NO;
				CLANG_ANALYZER_NONNULL = YES;
				CLANG_ANALYZER_NUMBER_OBJECT_CONVERSION = YES_AGGRESSIVE;
				CLANG_CXX_LANGUAGE_STANDARD = "gnu++17";
				CLANG_ENABLE_MODULES = YES;
				CLANG_ENABLE_OBJC_ARC = YES;
				CLANG_ENABLE_OBJC_WEAK = YES;
				CLANG_WARN_BLOCK_CAPTURE_AUTORELEASING = YES;
				CLANG_WARN_BOOL_CONVERSION = YES;
				CLANG_WARN_COMMA = YES;
				CLANG_WARN_CONSTANT_CONVERSION = YES;
				CLANG_WARN_DEPRECATED_OBJC_IMPLEMENTATIONS = YES;
				CLANG_WARN_DIRECT_OBJC_ISA_USAGE = YES_ERROR;
				CLANG_WARN_DOCUMENTATION_COMMENTS = YES;
				CLANG_WARN_EMPTY_BODY = YES;
				CLANG_WARN_ENUM_CONVERSION = YES;
				CLANG_WARN_INFINITE_RECURSION = YES;
				CLANG_WARN_INT_CONVERSION = YES;
				CLANG_WARN_NON_LITERAL_NULL_CONVERSION = YES;
				CLANG_WARN_OBJC_IMPLICIT_RETAIN_SELF = YES;
				CLANG_WARN_OBJC_LITERAL_CONVERSION = YES;
				CLANG_WARN_OBJC_ROOT_CLASS = YES_ERROR;
				CLANG_WARN_QUOTED_INCLUDE_IN_FRAMEWORK_HEADER = YES;
				CLANG_WARN_RANGE_LOOP_ANALYSIS = YES;
				CLANG_WARN_STRICT_PROTOTYPES = YES;
				CLANG_WARN_SUSPICIOUS_MOVE = YES;
				CLANG_WARN_UNGUARDED_AVAILABILITY = YES_AGGRESSIVE;
				CLANG_WARN_UNREACHABLE_CODE = YES;
				CLANG_WARN__DUPLICATE_METHOD_MATCH = YES;
				COPY_PHASE_STRIP = NO;
				DEBUG_INFORMATION_FORMAT = "dwarf-with-dsym";
				ENABLE_NS_ASSERTIONS = NO;
				ENABLE_STRICT_OBJC_MSGSEND = YES;
				ENABLE_USER_SCRIPT_SANDBOXING = YES;
				GCC_C_LANGUAGE_STANDARD = gnu11;
				GCC_NO_COMMON_BLOCKS = YES;
				GCC_WARN_64_TO_32_BIT_CONVERSION = YES;
				GCC_WARN_ABOUT_RETURN_TYPE = YES_ERROR;
				GCC_WARN_UNDECLARED_SELECTOR = YES;
				GCC_WARN_UNINITIALIZED_AUTOS = YES_AGGRESSIVE;
				GCC_WARN_UNUSED_FUNCTION = YES;
				GCC_WARN_UNUSED_VARIABLE = YES;
				IPHONEOS_DEPLOYMENT_TARGET = 15.5;
				MTL_ENABLE_DEBUG_INFO = NO;
				MTL_FAST_MATH = YES;
				SDKROOT = iphoneos;
				SWIFT_COMPILATION_MODE = wholemodule;
				SWIFT_OPTIMIZATION_LEVEL = "-O";
				VALIDATE_PRODUCT = YES;
			};
			name = Release;
		};
		6364916F28AFEAFC00FA518B /* Debug */ = {
			isa = XCBuildConfiguration;
			buildSettings = {
				ASSETCATALOG_COMPILER_APPICON_NAME = AppIcon;
				ASSETCATALOG_COMPILER_GLOBAL_ACCENT_COLOR_NAME = AccentColor;
				CODE_SIGN_IDENTITY = "Apple Development";
				CODE_SIGN_STYLE = Automatic;
				CURRENT_PROJECT_VERSION = 1;
				DEVELOPMENT_ASSET_PATHS = "\"Demo/Preview Content\"";
				DEVELOPMENT_TEAM = "";
				ENABLE_PREVIEWS = YES;
				GENERATE_INFOPLIST_FILE = YES;
				INFOPLIST_KEY_UIApplicationSceneManifest_Generation = YES;
				INFOPLIST_KEY_UIApplicationSupportsIndirectInputEvents = YES;
				INFOPLIST_KEY_UILaunchScreen_Generation = YES;
				INFOPLIST_KEY_UISupportedInterfaceOrientations_iPad = "UIInterfaceOrientationPortrait UIInterfaceOrientationPortraitUpsideDown UIInterfaceOrientationLandscapeLeft UIInterfaceOrientationLandscapeRight";
				INFOPLIST_KEY_UISupportedInterfaceOrientations_iPhone = "UIInterfaceOrientationPortrait UIInterfaceOrientationLandscapeLeft UIInterfaceOrientationLandscapeRight";
				IPHONEOS_DEPLOYMENT_TARGET = 15.0;
				LD_RUNPATH_SEARCH_PATHS = (
					"$(inherited)",
					"@executable_path/Frameworks",
				);
				MARKETING_VERSION = 1.0;
				PRODUCT_BUNDLE_IDENTIFIER = at.davidwalter.CustomAlert.Demo;
				PRODUCT_NAME = "$(TARGET_NAME)";
				PROVISIONING_PROFILE_SPECIFIER = "";
				SWIFT_EMIT_LOC_STRINGS = YES;
				SWIFT_VERSION = 5.0;
				TARGETED_DEVICE_FAMILY = 1;
			};
			name = Debug;
		};
		6364917028AFEAFC00FA518B /* Release */ = {
			isa = XCBuildConfiguration;
			buildSettings = {
				ASSETCATALOG_COMPILER_APPICON_NAME = AppIcon;
				ASSETCATALOG_COMPILER_GLOBAL_ACCENT_COLOR_NAME = AccentColor;
				CODE_SIGN_IDENTITY = "Apple Development";
				CODE_SIGN_STYLE = Automatic;
				CURRENT_PROJECT_VERSION = 1;
				DEVELOPMENT_ASSET_PATHS = "\"Demo/Preview Content\"";
				DEVELOPMENT_TEAM = "";
				ENABLE_PREVIEWS = YES;
				GENERATE_INFOPLIST_FILE = YES;
				INFOPLIST_KEY_UIApplicationSceneManifest_Generation = YES;
				INFOPLIST_KEY_UIApplicationSupportsIndirectInputEvents = YES;
				INFOPLIST_KEY_UILaunchScreen_Generation = YES;
				INFOPLIST_KEY_UISupportedInterfaceOrientations_iPad = "UIInterfaceOrientationPortrait UIInterfaceOrientationPortraitUpsideDown UIInterfaceOrientationLandscapeLeft UIInterfaceOrientationLandscapeRight";
				INFOPLIST_KEY_UISupportedInterfaceOrientations_iPhone = "UIInterfaceOrientationPortrait UIInterfaceOrientationLandscapeLeft UIInterfaceOrientationLandscapeRight";
				IPHONEOS_DEPLOYMENT_TARGET = 15.0;
				LD_RUNPATH_SEARCH_PATHS = (
					"$(inherited)",
					"@executable_path/Frameworks",
				);
				MARKETING_VERSION = 1.0;
				PRODUCT_BUNDLE_IDENTIFIER = at.davidwalter.CustomAlert.Demo;
				PRODUCT_NAME = "$(TARGET_NAME)";
				PROVISIONING_PROFILE_SPECIFIER = "";
				SWIFT_EMIT_LOC_STRINGS = YES;
				SWIFT_VERSION = 5.0;
				TARGETED_DEVICE_FAMILY = 1;
			};
			name = Release;
		};
/* End XCBuildConfiguration section */

/* Begin XCConfigurationList section */
		6364915B28AFEAFB00FA518B /* Build configuration list for PBXProject "Demo" */ = {
			isa = XCConfigurationList;
			buildConfigurations = (
				6364916C28AFEAFC00FA518B /* Debug */,
				6364916D28AFEAFC00FA518B /* Release */,
			);
			defaultConfigurationIsVisible = 0;
			defaultConfigurationName = Release;
		};
		6364916E28AFEAFC00FA518B /* Build configuration list for PBXNativeTarget "Demo" */ = {
			isa = XCConfigurationList;
			buildConfigurations = (
				6364916F28AFEAFC00FA518B /* Debug */,
				6364917028AFEAFC00FA518B /* Release */,
			);
			defaultConfigurationIsVisible = 0;
			defaultConfigurationName = Release;
		};
/* End XCConfigurationList section */

/* Begin XCSwiftPackageProductDependency section */
		6364917428AFEB6D00FA518B /* CustomAlert */ = {
			isa = XCSwiftPackageProductDependency;
			productName = CustomAlert;
		};
/* End XCSwiftPackageProductDependency section */
	};
	rootObject = 6364915828AFEAFB00FA518B /* Project object */;
}
